// !$*UTF8*$!
{
	archiveVersion = 1;
	classes = {
	};
	objectVersion = 56;
	objects = {

/* Begin PBXBuildFile section */
		C44108DA2BA60FE00003274B /* ContactList2App.swift in Sources */ = {isa = PBXBuildFile; fileRef = C44108D92BA60FE00003274B /* ContactList2App.swift */; };
		C44108DC2BA60FE00003274B /* ContentView.swift in Sources */ = {isa = PBXBuildFile; fileRef = C44108DB2BA60FE00003274B /* ContentView.swift */; };
		C44108DE2BA60FE10003274B /* Assets.xcassets in Resources */ = {isa = PBXBuildFile; fileRef = C44108DD2BA60FE10003274B /* Assets.xcassets */; };
		C44108E12BA60FE10003274B /* Preview Assets.xcassets in Resources */ = {isa = PBXBuildFile; fileRef = C44108E02BA60FE10003274B /* Preview Assets.xcassets */; };
		C44108E82BA611C00003274B /* DataStore.swift in Sources */ = {isa = PBXBuildFile; fileRef = C44108E72BA611C00003274B /* DataStore.swift */; };
		C44108EB2BA612090003274B /* Person.swift in Sources */ = {isa = PBXBuildFile; fileRef = C44108EA2BA612090003274B /* Person.swift */; };
		C44108EE2BA613E50003274B /* ContactView.swift in Sources */ = {isa = PBXBuildFile; fileRef = C44108ED2BA613E50003274B /* ContactView.swift */; };
		C44108F02BA613FB0003274B /* NumbersView.swift in Sources */ = {isa = PBXBuildFile; fileRef = C44108EF2BA613FB0003274B /* NumbersView.swift */; };
		C44108F22BA625720003274B /* ContactDetails.swift in Sources */ = {isa = PBXBuildFile; fileRef = C44108F12BA625720003274B /* ContactDetails.swift */; };
/* End PBXBuildFile section */

/* Begin PBXFileReference section */
		C44108D62BA60FE00003274B /* ContactList2.app */ = {isa = PBXFileReference; explicitFileType = wrapper.application; includeInIndex = 0; path = ContactList2.app; sourceTree = BUILT_PRODUCTS_DIR; };
		C44108D92BA60FE00003274B /* ContactList2App.swift */ = {isa = PBXFileReference; lastKnownFileType = sourcecode.swift; path = ContactList2App.swift; sourceTree = "<group>"; };
		C44108DB2BA60FE00003274B /* ContentView.swift */ = {isa = PBXFileReference; lastKnownFileType = sourcecode.swift; path = ContentView.swift; sourceTree = "<group>"; };
		C44108DD2BA60FE10003274B /* Assets.xcassets */ = {isa = PBXFileReference; lastKnownFileType = folder.assetcatalog; path = Assets.xcassets; sourceTree = "<group>"; };
		C44108E02BA60FE10003274B /* Preview Assets.xcassets */ = {isa = PBXFileReference; lastKnownFileType = folder.assetcatalog; path = "Preview Assets.xcassets"; sourceTree = "<group>"; };
		C44108E72BA611C00003274B /* DataStore.swift */ = {isa = PBXFileReference; lastKnownFileType = sourcecode.swift; path = DataStore.swift; sourceTree = "<group>"; };
		C44108EA2BA612090003274B /* Person.swift */ = {isa = PBXFileReference; lastKnownFileType = sourcecode.swift; path = Person.swift; sourceTree = "<group>"; };
		C44108ED2BA613E50003274B /* ContactView.swift */ = {isa = PBXFileReference; lastKnownFileType = sourcecode.swift; path = ContactView.swift; sourceTree = "<group>"; };
		C44108EF2BA613FB0003274B /* NumbersView.swift */ = {isa = PBXFileReference; lastKnownFileType = sourcecode.swift; path = NumbersView.swift; sourceTree = "<group>"; };
		C44108F12BA625720003274B /* ContactDetails.swift */ = {isa = PBXFileReference; lastKnownFileType = sourcecode.swift; path = ContactDetails.swift; sourceTree = "<group>"; };
/* End PBXFileReference section */

/* Begin PBXFrameworksBuildPhase section */
		C44108D32BA60FE00003274B /* Frameworks */ = {
			isa = PBXFrameworksBuildPhase;
			buildActionMask = 2147483647;
			files = (
			);
			runOnlyForDeploymentPostprocessing = 0;
		};
/* End PBXFrameworksBuildPhase section */

/* Begin PBXGroup section */
		C44108CD2BA60FE00003274B = {
			isa = PBXGroup;
			children = (
				C44108D82BA60FE00003274B /* ContactList2 */,
				C44108D72BA60FE00003274B /* Products */,
			);
			sourceTree = "<group>";
		};
		C44108D72BA60FE00003274B /* Products */ = {
			isa = PBXGroup;
			children = (
				C44108D62BA60FE00003274B /* ContactList2.app */,
			);
			name = Products;
			sourceTree = "<group>";
		};
		C44108D82BA60FE00003274B /* ContactList2 */ = {
			isa = PBXGroup;
			children = (
				C44108D92BA60FE00003274B /* ContactList2App.swift */,
				C44108DB2BA60FE00003274B /* ContentView.swift */,
				C44108ED2BA613E50003274B /* ContactView.swift */,
				C44108EF2BA613FB0003274B /* NumbersView.swift */,
				C44108F12BA625720003274B /* ContactDetails.swift */,
				C44108EC2BA6120F0003274B /* Model */,
				C44108E92BA611EB0003274B /* Services */,
				C44108DD2BA60FE10003274B /* Assets.xcassets */,
				C44108DF2BA60FE10003274B /* Preview Content */,
			);
			path = ContactList2;
			sourceTree = "<group>";
		};
		C44108DF2BA60FE10003274B /* Preview Content */ = {
			isa = PBXGroup;
			children = (
				C44108E02BA60FE10003274B /* Preview Assets.xcassets */,
			);
			path = "Preview Content";
			sourceTree = "<group>";
		};
		C44108E92BA611EB0003274B /* Services */ = {
			isa = PBXGroup;
			children = (
				C44108E72BA611C00003274B /* DataStore.swift */,
			);
			path = Services;
			sourceTree = "<group>";
		};
		C44108EC2BA6120F0003274B /* Model */ = {
			isa = PBXGroup;
			children = (
				C44108EA2BA612090003274B /* Person.swift */,
			);
			path = Model;
			sourceTree = "<group>";
		};
/* End PBXGroup section */

/* Begin PBXNativeTarget section */
		C44108D52BA60FE00003274B /* ContactList2 */ = {
			isa = PBXNativeTarget;
			buildConfigurationList = C44108E42BA60FE10003274B /* Build configuration list for PBXNativeTarget "ContactList2" */;
			buildPhases = (
				C44108D22BA60FE00003274B /* Sources */,
				C44108D32BA60FE00003274B /* Frameworks */,
				C44108D42BA60FE00003274B /* Resources */,
			);
			buildRules = (
			);
			dependencies = (
			);
			name = ContactList2;
			productName = ContactList2;
			productReference = C44108D62BA60FE00003274B /* ContactList2.app */;
			productType = "com.apple.product-type.application";
		};
/* End PBXNativeTarget section */

/* Begin PBXProject section */
		C44108CE2BA60FE00003274B /* Project object */ = {
			isa = PBXProject;
			attributes = {
				BuildIndependentTargetsInParallel = 1;
				LastSwiftUpdateCheck = 1530;
				LastUpgradeCheck = 1530;
				TargetAttributes = {
					C44108D52BA60FE00003274B = {
						CreatedOnToolsVersion = 15.3;
					};
				};
			};
			buildConfigurationList = C44108D12BA60FE00003274B /* Build configuration list for PBXProject "ContactList2" */;
			compatibilityVersion = "Xcode 14.0";
			developmentRegion = en;
			hasScannedForEncodings = 0;
			knownRegions = (
				en,
				Base,
			);
			mainGroup = C44108CD2BA60FE00003274B;
			productRefGroup = C44108D72BA60FE00003274B /* Products */;
			projectDirPath = "";
			projectRoot = "";
			targets = (
				C44108D52BA60FE00003274B /* ContactList2 */,
			);
		};
/* End PBXProject section */

/* Begin PBXResourcesBuildPhase section */
		C44108D42BA60FE00003274B /* Resources */ = {
			isa = PBXResourcesBuildPhase;
			buildActionMask = 2147483647;
			files = (
				C44108E12BA60FE10003274B /* Preview Assets.xcassets in Resources */,
				C44108DE2BA60FE10003274B /* Assets.xcassets in Resources */,
			);
			runOnlyForDeploymentPostprocessing = 0;
		};
/* End PBXResourcesBuildPhase section */

/* Begin PBXSourcesBuildPhase section */
		C44108D22BA60FE00003274B /* Sources */ = {
			isa = PBXSourcesBuildPhase;
			buildActionMask = 2147483647;
			files = (
				C44108DC2BA60FE00003274B /* ContentView.swift in Sources */,
				C44108E82BA611C00003274B /* DataStore.swift in Sources */,
				C44108EB2BA612090003274B /* Person.swift in Sources */,
				C44108F02BA613FB0003274B /* NumbersView.swift in Sources */,
				C44108F22BA625720003274B /* ContactDetails.swift in Sources */,
				C44108EE2BA613E50003274B /* ContactView.swift in Sources */,
				C44108DA2BA60FE00003274B /* ContactList2App.swift in Sources */,
			);
			runOnlyForDeploymentPostprocessing = 0;
		};
/* End PBXSourcesBuildPhase section */

/* Begin XCBuildConfiguration section */
		C44108E22BA60FE10003274B /* Debug */ = {
			isa = XCBuildConfiguration;
			buildSettings = {
				ALWAYS_SEARCH_USER_PATHS = NO;
				ASSETCATALOG_COMPILER_GENERATE_SWIFT_ASSET_SYMBOL_EXTENSIONS = YES;
				CLANG_ANALYZER_NONNULL = YES;
				CLANG_ANALYZER_NUMBER_OBJECT_CONVERSION = YES_AGGRESSIVE;
				CLANG_CXX_LANGUAGE_STANDARD = "gnu++20";
				CLANG_ENABLE_MODULES = YES;
				CLANG_ENABLE_OBJC_ARC = YES;
				CLANG_ENABLE_OBJC_WEAK = YES;
				CLANG_WARN_BLOCK_CAPTURE_AUTORELEASING = YES;
				CLANG_WARN_BOOL_CONVERSION = YES;
				CLANG_WARN_COMMA = YES;
				CLANG_WARN_CONSTANT_CONVERSION = YES;
				CLANG_WARN_DEPRECATED_OBJC_IMPLEMENTATIONS = YES;
				CLANG_WARN_DIRECT_OBJC_ISA_USAGE = YES_ERROR;
				CLANG_WARN_DOCUMENTATION_COMMENTS = YES;
				CLANG_WARN_EMPTY_BODY = YES;
				CLANG_WARN_ENUM_CONVERSION = YES;
				CLANG_WARN_INFINITE_RECURSION = YES;
				CLANG_WARN_INT_CONVERSION = YES;
				CLANG_WARN_NON_LITERAL_NULL_CONVERSION = YES;
				CLANG_WARN_OBJC_IMPLICIT_RETAIN_SELF = YES;
				CLANG_WARN_OBJC_LITERAL_CONVERSION = YES;
				CLANG_WARN_OBJC_ROOT_CLASS = YES_ERROR;
				CLANG_WARN_QUOTED_INCLUDE_IN_FRAMEWORK_HEADER = YES;
				CLANG_WARN_RANGE_LOOP_ANALYSIS = YES;
				CLANG_WARN_STRICT_PROTOTYPES = YES;
				CLANG_WARN_SUSPICIOUS_MOVE = YES;
				CLANG_WARN_UNGUARDED_AVAILABILITY = YES_AGGRESSIVE;
				CLANG_WARN_UNREACHABLE_CODE = YES;
				CLANG_WARN__DUPLICATE_METHOD_MATCH = YES;
				COPY_PHASE_STRIP = NO;
				DEBUG_INFORMATION_FORMAT = dwarf;
				ENABLE_STRICT_OBJC_MSGSEND = YES;
				ENABLE_TESTABILITY = YES;
				ENABLE_USER_SCRIPT_SANDBOXING = YES;
				GCC_C_LANGUAGE_STANDARD = gnu17;
				GCC_DYNAMIC_NO_PIC = NO;
				GCC_NO_COMMON_BLOCKS = YES;
				GCC_OPTIMIZATION_LEVEL = 0;
				GCC_PREPROCESSOR_DEFINITIONS = (
					"DEBUG=1",
					"$(inherited)",
				);
				GCC_WARN_64_TO_32_BIT_CONVERSION = YES;
				GCC_WARN_ABOUT_RETURN_TYPE = YES_ERROR;
				GCC_WARN_UNDECLARED_SELECTOR = YES;
				GCC_WARN_UNINITIALIZED_AUTOS = YES_AGGRESSIVE;
				GCC_WARN_UNUSED_FUNCTION = YES;
				GCC_WARN_UNUSED_VARIABLE = YES;
				IPHONEOS_DEPLOYMENT_TARGET = 17.4;
				LOCALIZATION_PREFERS_STRING_CATALOGS = YES;
				MTL_ENABLE_DEBUG_INFO = INCLUDE_SOURCE;
				MTL_FAST_MATH = YES;
				ONLY_ACTIVE_ARCH = YES;
				SDKROOT = iphoneos;
				SWIFT_ACTIVE_COMPILATION_CONDITIONS = "DEBUG $(inherited)";
				SWIFT_OPTIMIZATION_LEVEL = "-Onone";
			};
			name = Debug;
		};
		C44108E32BA60FE10003274B /* Release */ = {
			isa = XCBuildConfiguration;
			buildSettings = {
				ALWAYS_SEARCH_USER_PATHS = NO;
				ASSETCATALOG_COMPILER_GENERATE_SWIFT_ASSET_SYMBOL_EXTENSIONS = YES;
				CLANG_ANALYZER_NONNULL = YES;
				CLANG_ANALYZER_NUMBER_OBJECT_CONVERSION = YES_AGGRESSIVE;
				CLANG_CXX_LANGUAGE_STANDARD = "gnu++20";
				CLANG_ENABLE_MODULES = YES;
				CLANG_ENABLE_OBJC_ARC = YES;
				CLANG_ENABLE_OBJC_WEAK = YES;
				CLANG_WARN_BLOCK_CAPTURE_AUTORELEASING = YES;
				CLANG_WARN_BOOL_CONVERSION = YES;
				CLANG_WARN_COMMA = YES;
				CLANG_WARN_CONSTANT_CONVERSION = YES;
				CLANG_WARN_DEPRECATED_OBJC_IMPLEMENTATIONS = YES;
				CLANG_WARN_DIRECT_OBJC_ISA_USAGE = YES_ERROR;
				CLANG_WARN_DOCUMENTATION_COMMENTS = YES;
				CLANG_WARN_EMPTY_BODY = YES;
				CLANG_WARN_ENUM_CONVERSION = YES;
				CLANG_WARN_INFINITE_RECURSION = YES;
				CLANG_WARN_INT_CONVERSION = YES;
				CLANG_WARN_NON_LITERAL_NULL_CONVERSION = YES;
				CLANG_WARN_OBJC_IMPLICIT_RETAIN_SELF = YES;
				CLANG_WARN_OBJC_LITERAL_CONVERSION = YES;
				CLANG_WARN_OBJC_ROOT_CLASS = YES_ERROR;
				CLANG_WARN_QUOTED_INCLUDE_IN_FRAMEWORK_HEADER = YES;
				CLANG_WARN_RANGE_LOOP_ANALYSIS = YES;
				CLANG_WARN_STRICT_PROTOTYPES = YES;
				CLANG_WARN_SUSPICIOUS_MOVE = YES;
				CLANG_WARN_UNGUARDED_AVAILABILITY = YES_AGGRESSIVE;
				CLANG_WARN_UNREACHABLE_CODE = YES;
				CLANG_WARN__DUPLICATE_METHOD_MATCH = YES;
				COPY_PHASE_STRIP = NO;
				DEBUG_INFORMATION_FORMAT = "dwarf-with-dsym";
				ENABLE_NS_ASSERTIONS = NO;
				ENABLE_STRICT_OBJC_MSGSEND = YES;
				ENABLE_USER_SCRIPT_SANDBOXING = YES;
				GCC_C_LANGUAGE_STANDARD = gnu17;
				GCC_NO_COMMON_BLOCKS = YES;
				GCC_WARN_64_TO_32_BIT_CONVERSION = YES;
				GCC_WARN_ABOUT_RETURN_TYPE = YES_ERROR;
				GCC_WARN_UNDECLARED_SELECTOR = YES;
				GCC_WARN_UNINITIALIZED_AUTOS = YES_AGGRESSIVE;
				GCC_WARN_UNUSED_FUNCTION = YES;
				GCC_WARN_UNUSED_VARIABLE = YES;
				IPHONEOS_DEPLOYMENT_TARGET = 17.4;
				LOCALIZATION_PREFERS_STRING_CATALOGS = YES;
				MTL_ENABLE_DEBUG_INFO = NO;
				MTL_FAST_MATH = YES;
				SDKROOT = iphoneos;
				SWIFT_COMPILATION_MODE = wholemodule;
				VALIDATE_PRODUCT = YES;
			};
			name = Release;
		};
		C44108E52BA60FE10003274B /* Debug */ = {
			isa = XCBuildConfiguration;
			buildSettings = {
				ASSETCATALOG_COMPILER_APPICON_NAME = AppIcon;
				ASSETCATALOG_COMPILER_GLOBAL_ACCENT_COLOR_NAME = AccentColor;
				CODE_SIGN_STYLE = Automatic;
				CURRENT_PROJECT_VERSION = 1;
				DEVELOPMENT_ASSET_PATHS = "\"ContactList2/Preview Content\"";
				DEVELOPMENT_TEAM = 6NTBUA69W9;
				ENABLE_PREVIEWS = YES;
				GENERATE_INFOPLIST_FILE = YES;
				INFOPLIST_KEY_UIApplicationSceneManifest_Generation = YES;
				INFOPLIST_KEY_UIApplicationSupportsIndirectInputEvents = YES;
				INFOPLIST_KEY_UILaunchScreen_Generation = YES;
				INFOPLIST_KEY_UISupportedInterfaceOrientations_iPad = "UIInterfaceOrientationPortrait UIInterfaceOrientationPortraitUpsideDown UIInterfaceOrientationLandscapeLeft UIInterfaceOrientationLandscapeRight";
				INFOPLIST_KEY_UISupportedInterfaceOrientations_iPhone = "UIInterfaceOrientationPortrait UIInterfaceOrientationLandscapeLeft UIInterfaceOrientationLandscapeRight";
				LD_RUNPATH_SEARCH_PATHS = (
					"$(inherited)",
					"@executable_path/Frameworks",
				);
				MARKETING_VERSION = 1.0;
				PRODUCT_BUNDLE_IDENTIFIER = rcherezbiev.ContactList2;
				PRODUCT_NAME = "$(TARGET_NAME)";
				SWIFT_EMIT_LOC_STRINGS = YES;
				SWIFT_VERSION = 5.0;
				TARGETED_DEVICE_FAMILY = "1,2";
			};
			name = Debug;
		};
		C44108E62BA60FE10003274B /* Release */ = {
			isa = XCBuildConfiguration;
			buildSettings = {
				ASSETCATALOG_COMPILER_APPICON_NAME = AppIcon;
				ASSETCATALOG_COMPILER_GLOBAL_ACCENT_COLOR_NAME = AccentColor;
				CODE_SIGN_STYLE = Automatic;
				CURRENT_PROJECT_VERSION = 1;
				DEVELOPMENT_ASSET_PATHS = "\"ContactList2/Preview Content\"";
				DEVELOPMENT_TEAM = 6NTBUA69W9;
				ENABLE_PREVIEWS = YES;
				GENERATE_INFOPLIST_FILE = YES;
				INFOPLIST_KEY_UIApplicationSceneManifest_Generation = YES;
				INFOPLIST_KEY_UIApplicationSupportsIndirectInputEvents = YES;
				INFOPLIST_KEY_UILaunchScreen_Generation = YES;
				INFOPLIST_KEY_UISupportedInterfaceOrientations_iPad = "UIInterfaceOrientationPortrait UIInterfaceOrientationPortraitUpsideDown UIInterfaceOrientationLandscapeLeft UIInterfaceOrientationLandscapeRight";
				INFOPLIST_KEY_UISupportedInterfaceOrientations_iPhone = "UIInterfaceOrientationPortrait UIInterfaceOrientationLandscapeLeft UIInterfaceOrientationLandscapeRight";
				LD_RUNPATH_SEARCH_PATHS = (
					"$(inherited)",
					"@executable_path/Frameworks",
				);
				MARKETING_VERSION = 1.0;
				PRODUCT_BUNDLE_IDENTIFIER = rcherezbiev.ContactList2;
				PRODUCT_NAME = "$(TARGET_NAME)";
				SWIFT_EMIT_LOC_STRINGS = YES;
				SWIFT_VERSION = 5.0;
				TARGETED_DEVICE_FAMILY = "1,2";
			};
			name = Release;
		};
/* End XCBuildConfiguration section */

/* Begin XCConfigurationList section */
		C44108D12BA60FE00003274B /* Build configuration list for PBXProject "ContactList2" */ = {
			isa = XCConfigurationList;
			buildConfigurations = (
				C44108E22BA60FE10003274B /* Debug */,
				C44108E32BA60FE10003274B /* Release */,
			);
			defaultConfigurationIsVisible = 0;
			defaultConfigurationName = Release;
		};
		C44108E42BA60FE10003274B /* Build configuration list for PBXNativeTarget "ContactList2" */ = {
			isa = XCConfigurationList;
			buildConfigurations = (
				C44108E52BA60FE10003274B /* Debug */,
				C44108E62BA60FE10003274B /* Release */,
			);
			defaultConfigurationIsVisible = 0;
			defaultConfigurationName = Release;
		};
/* End XCConfigurationList section */
	};
	rootObject = C44108CE2BA60FE00003274B /* Project object */;
}
